{"is_source_file": false, "format": "", "description": "", "external_files": [], "external_methods": [], "published": [], "classes": [], "methods": [], "calls": [], "search-terms": [], "state": 2, "file_id": 17, "knowledge_revision": 31, "git_revision": "26a3dfd5f9c6aa01a60717dd49a6c7398079c3e3", "hash": "9c4ed7ef73e22b872b8055bec08b8979", "format-version": 4, "code-base-name": "default", "filename": "main_container_for_basicappdemo/post_process_status.lock", "revision_history": [{"31": "26a3dfd5f9c6aa01a60717dd49a6c7398079c3e3"}]}